// !$*UTF8*$!
{
	archiveVersion = 1;
	classes = {
	};
	objectVersion = 48;
	objects = {

/* Begin PBXBuildFile section */
		15AD0DB81F9CC5C500C8A623 /* AppDelegate.swift in Sources */ = {isa = PBXBuildFile; fileRef = 15AD0DB71F9CC5C500C8A623 /* AppDelegate.swift */; };
		15AD0DBA1F9CC5C500C8A623 /* ViewController.swift in Sources */ = {isa = PBXBuildFile; fileRef = 15AD0DB91F9CC5C500C8A623 /* ViewController.swift */; };
		15AD0DBD1F9CC5C500C8A623 /* Main.storyboard in Resources */ = {isa = PBXBuildFile; fileRef = 15AD0DBB1F9CC5C500C8A623 /* Main.storyboard */; };
		15AD0DBF1F9CC5C500C8A623 /* Assets.xcassets in Resources */ = {isa = PBXBuildFile; fileRef = 15AD0DBE1F9CC5C500C8A623 /* Assets.xcassets */; };
		15AD0DC21F9CC5C500C8A623 /* LaunchScreen.storyboard in Resources */ = {isa = PBXBuildFile; fileRef = 15AD0DC01F9CC5C500C8A623 /* LaunchScreen.storyboard */; };
		15AD0DCD1F9CC5C600C8A623 /* Hello_WorldTests.swift in Sources */ = {isa = PBXBuildFile; fileRef = 15AD0DCC1F9CC5C600C8A623 /* Hello_WorldTests.swift */; };
		15AD0DD81F9CC5C600C8A623 /* Hello_WorldUITests.swift in Sources */ = {isa = PBXBuildFile; fileRef = 15AD0DD71F9CC5C600C8A623 /* Hello_WorldUITests.swift */; };
/* End PBXBuildFile section */

/* Begin PBXContainerItemProxy section */
		15AD0DC91F9CC5C600C8A623 /* PBXContainerItemProxy */ = {
			isa = PBXContainerItemProxy;
			containerPortal = 15AD0DAC1F9CC5C500C8A623 /* Project object */;
			proxyType = 1;
			remoteGlobalIDString = 15AD0DB31F9CC5C500C8A623;
			remoteInfo = "Hello World";
		};
		15AD0DD41F9CC5C600C8A623 /* PBXContainerItemProxy */ = {
			isa = PBXContainerItemProxy;
			containerPortal = 15AD0DAC1F9CC5C500C8A623 /* Project object */;
			proxyType = 1;
			remoteGlobalIDString = 15AD0DB31F9CC5C500C8A623;
			remoteInfo = "Hello World";
		};
/* End PBXContainerItemProxy section */

/* Begin PBXFileReference section */
		15AD0DB41F9CC5C500C8A623 /* Hello World.app */ = {isa = PBXFileReference; explicitFileType = wrapper.application; includeInIndex = 0; path = "Hello World.app"; sourceTree = BUILT_PRODUCTS_DIR; };
		15AD0DB71F9CC5C500C8A623 /* AppDelegate.swift */ = {isa = PBXFileReference; lastKnownFileType = sourcecode.swift; path = AppDelegate.swift; sourceTree = "<group>"; };
		15AD0DB91F9CC5C500C8A623 /* ViewController.swift */ = {isa = PBXFileReference; lastKnownFileType = sourcecode.swift; path = ViewController.swift; sourceTree = "<group>"; };
		15AD0DBC1F9CC5C500C8A623 /* Base */ = {isa = PBXFileReference; lastKnownFileType = file.storyboard; name = Base; path = Base.lproj/Main.storyboard; sourceTree = "<group>"; };
		15AD0DBE1F9CC5C500C8A623 /* Assets.xcassets */ = {isa = PBXFileReference; lastKnownFileType = folder.assetcatalog; path = Assets.xcassets; sourceTree = "<group>"; };
		15AD0DC11F9CC5C500C8A623 /* Base */ = {isa = PBXFileReference; lastKnownFileType = file.storyboard; name = Base; path = Base.lproj/LaunchScreen.storyboard; sourceTree = "<group>"; };
		15AD0DC31F9CC5C500C8A623 /* Info.plist */ = {isa = PBXFileReference; lastKnownFileType = text.plist.xml; path = Info.plist; sourceTree = "<group>"; };
		15AD0DC81F9CC5C600C8A623 /* Hello WorldTests.xctest */ = {isa = PBXFileReference; explicitFileType = wrapper.cfbundle; includeInIndex = 0; path = "Hello WorldTests.xctest"; sourceTree = BUILT_PRODUCTS_DIR; };
		15AD0DCC1F9CC5C600C8A623 /* Hello_WorldTests.swift */ = {isa = PBXFileReference; lastKnownFileType = sourcecode.swift; path = Hello_WorldTests.swift; sourceTree = "<group>"; };
		15AD0DCE1F9CC5C600C8A623 /* Info.plist */ = {isa = PBXFileReference; lastKnownFileType = text.plist.xml; path = Info.plist; sourceTree = "<group>"; };
		15AD0DD31F9CC5C600C8A623 /* Hello WorldUITests.xctest */ = {isa = PBXFileReference; explicitFileType = wrapper.cfbundle; includeInIndex = 0; path = "Hello WorldUITests.xctest"; sourceTree = BUILT_PRODUCTS_DIR; };
		15AD0DD71F9CC5C600C8A623 /* Hello_WorldUITests.swift */ = {isa = PBXFileReference; lastKnownFileType = sourcecode.swift; path = Hello_WorldUITests.swift; sourceTree = "<group>"; };
		15AD0DD91F9CC5C600C8A623 /* Info.plist */ = {isa = PBXFileReference; lastKnownFileType = text.plist.xml; path = Info.plist; sourceTree = "<group>"; };
/* End PBXFileReference section */

/* Begin PBXFrameworksBuildPhase section */
		15AD0DB11F9CC5C500C8A623 /* Frameworks */ = {
			isa = PBXFrameworksBuildPhase;
			buildActionMask = 2147483647;
			files = (
			);
			runOnlyForDeploymentPostprocessing = 0;
		};
		15AD0DC51F9CC5C600C8A623 /* Frameworks */ = {
			isa = PBXFrameworksBuildPhase;
			buildActionMask = 2147483647;
			files = (
			);
			runOnlyForDeploymentPostprocessing = 0;
		};
		15AD0DD01F9CC5C600C8A623 /* Frameworks */ = {
			isa = PBXFrameworksBuildPhase;
			buildActionMask = 2147483647;
			files = (
			);
			runOnlyForDeploymentPostprocessing = 0;
		};
/* End PBXFrameworksBuildPhase section */

/* Begin PBXGroup section */
		15AD0DAB1F9CC5C500C8A623 = {
			isa = PBXGroup;
			children = (
				15AD0DB61F9CC5C500C8A623 /* Hello World */,
				15AD0DCB1F9CC5C600C8A623 /* Hello WorldTests */,
				15AD0DD61F9CC5C600C8A623 /* Hello WorldUITests */,
				15AD0DB51F9CC5C500C8A623 /* Products */,
			);
			sourceTree = "<group>";
		};
		15AD0DB51F9CC5C500C8A623 /* Products */ = {
			isa = PBXGroup;
			children = (
				15AD0DB41F9CC5C500C8A623 /* Hello World.app */,
				15AD0DC81F9CC5C600C8A623 /* Hello WorldTests.xctest */,
				15AD0DD31F9CC5C600C8A623 /* Hello WorldUITests.xctest */,
			);
			name = Products;
			sourceTree = "<group>";
		};
		15AD0DB61F9CC5C500C8A623 /* Hello World */ = {
			isa = PBXGroup;
			children = (
				15AD0DB71F9CC5C500C8A623 /* AppDelegate.swift */,
				15AD0DB91F9CC5C500C8A623 /* ViewController.swift */,
				15AD0DBB1F9CC5C500C8A623 /* Main.storyboard */,
				15AD0DBE1F9CC5C500C8A623 /* Assets.xcassets */,
				15AD0DC01F9CC5C500C8A623 /* LaunchScreen.storyboard */,
				15AD0DC31F9CC5C500C8A623 /* Info.plist */,
			);
			path = "Hello World";
			sourceTree = "<group>";
		};
		15AD0DCB1F9CC5C600C8A623 /* Hello WorldTests */ = {
			isa = PBXGroup;
			children = (
				15AD0DCC1F9CC5C600C8A623 /* Hello_WorldTests.swift */,
				15AD0DCE1F9CC5C600C8A623 /* Info.plist */,
			);
			path = "Hello WorldTests";
			sourceTree = "<group>";
		};
		15AD0DD61F9CC5C600C8A623 /* Hello WorldUITests */ = {
			isa = PBXGroup;
			children = (
				15AD0DD71F9CC5C600C8A623 /* Hello_WorldUITests.swift */,
				15AD0DD91F9CC5C600C8A623 /* Info.plist */,
			);
			path = "Hello WorldUITests";
			sourceTree = "<group>";
		};
/* End PBXGroup section */

/* Begin PBXNativeTarget section */
		15AD0DB31F9CC5C500C8A623 /* Hello World */ = {
			isa = PBXNativeTarget;
			buildConfigurationList = 15AD0DDC1F9CC5C600C8A623 /* Build configuration list for PBXNativeTarget "Hello World" */;
			buildPhases = (
				15AD0DB01F9CC5C500C8A623 /* Sources */,
				15AD0DB11F9CC5C500C8A623 /* Frameworks */,
				15AD0DB21F9CC5C500C8A623 /* Resources */,
			);
			buildRules = (
			);
			dependencies = (
			);
			name = "Hello World";
			productName = "Hello World";
			productReference = 15AD0DB41F9CC5C500C8A623 /* Hello World.app */;
			productType = "com.apple.product-type.application";
		};
		15AD0DC71F9CC5C600C8A623 /* Hello WorldTests */ = {
			isa = PBXNativeTarget;
			buildConfigurationList = 15AD0DDF1F9CC5C600C8A623 /* Build configuration list for PBXNativeTarget "Hello WorldTests" */;
			buildPhases = (
				15AD0DC41F9CC5C600C8A623 /* Sources */,
				15AD0DC51F9CC5C600C8A623 /* Frameworks */,
				15AD0DC61F9CC5C600C8A623 /* Resources */,
			);
			buildRules = (
			);
			dependencies = (
				15AD0DCA1F9CC5C600C8A623 /* PBXTargetDependency */,
			);
			name = "Hello WorldTests";
			productName = "Hello WorldTests";
			productReference = 15AD0DC81F9CC5C600C8A623 /* Hello WorldTests.xctest */;
			productType = "com.apple.product-type.bundle.unit-test";
		};
		15AD0DD21F9CC5C600C8A623 /* Hello WorldUITests */ = {
			isa = PBXNativeTarget;
			buildConfigurationList = 15AD0DE21F9CC5C600C8A623 /* Build configuration list for PBXNativeTarget "Hello WorldUITests" */;
			buildPhases = (
				15AD0DCF1F9CC5C600C8A623 /* Sources */,
				15AD0DD01F9CC5C600C8A623 /* Frameworks */,
				15AD0DD11F9CC5C600C8A623 /* Resources */,
			);
			buildRules = (
			);
			dependencies = (
				15AD0DD51F9CC5C600C8A623 /* PBXTargetDependency */,
			);
			name = "Hello WorldUITests";
			productName = "Hello WorldUITests";
			productReference = 15AD0DD31F9CC5C600C8A623 /* Hello WorldUITests.xctest */;
			productType = "com.apple.product-type.bundle.ui-testing";
		};
/* End PBXNativeTarget section */

/* Begin PBXProject section */
		15AD0DAC1F9CC5C500C8A623 /* Project object */ = {
			isa = PBXProject;
			attributes = {
				LastSwiftUpdateCheck = 0900;
				LastUpgradeCheck = 0900;
				ORGANIZATIONNAME = chihiroendo;
				TargetAttributes = {
					15AD0DB31F9CC5C500C8A623 = {
						CreatedOnToolsVersion = 9.0.1;
						ProvisioningStyle = Automatic;
					};
					15AD0DC71F9CC5C600C8A623 = {
						CreatedOnToolsVersion = 9.0.1;
						ProvisioningStyle = Automatic;
						TestTargetID = 15AD0DB31F9CC5C500C8A623;
					};
					15AD0DD21F9CC5C600C8A623 = {
						CreatedOnToolsVersion = 9.0.1;
						ProvisioningStyle = Automatic;
						TestTargetID = 15AD0DB31F9CC5C500C8A623;
					};
				};
			};
			buildConfigurationList = 15AD0DAF1F9CC5C500C8A623 /* Build configuration list for PBXProject "Hello World" */;
			compatibilityVersion = "Xcode 8.0";
			developmentRegion = en;
			hasScannedForEncodings = 0;
			knownRegions = (
				en,
				Base,
			);
			mainGroup = 15AD0DAB1F9CC5C500C8A623;
			productRefGroup = 15AD0DB51F9CC5C500C8A623 /* Products */;
			projectDirPath = "";
			projectRoot = "";
			targets = (
				15AD0DB31F9CC5C500C8A623 /* Hello World */,
				15AD0DC71F9CC5C600C8A623 /* Hello WorldTests */,
				15AD0DD21F9CC5C600C8A623 /* Hello WorldUITests */,
			);
		};
/* End PBXProject section */

/* Begin PBXResourcesBuildPhase section */
		15AD0DB21F9CC5C500C8A623 /* Resources */ = {
			isa = PBXResourcesBuildPhase;
			buildActionMask = 2147483647;
			files = (
				15AD0DC21F9CC5C500C8A623 /* LaunchScreen.storyboard in Resources */,
				15AD0DBF1F9CC5C500C8A623 /* Assets.xcassets in Resources */,
				15AD0DBD1F9CC5C500C8A623 /* Main.storyboard in Resources */,
			);
			runOnlyForDeploymentPostprocessing = 0;
		};
		15AD0DC61F9CC5C600C8A623 /* Resources */ = {
			isa = PBXResourcesBuildPhase;
			buildActionMask = 2147483647;
			files = (
			);
			runOnlyForDeploymentPostprocessing = 0;
		};
		15AD0DD11F9CC5C600C8A623 /* Resources */ = {
			isa = PBXResourcesBuildPhase;
			buildActionMask = 2147483647;
			files = (
			);
			runOnlyForDeploymentPostprocessing = 0;
		};
/* End PBXResourcesBuildPhase section */

/* Begin PBXSourcesBuildPhase section */
		15AD0DB01F9CC5C500C8A623 /* Sources */ = {
			isa = PBXSourcesBuildPhase;
			buildActionMask = 2147483647;
			files = (
				15AD0DBA1F9CC5C500C8A623 /* ViewController.swift in Sources */,
				15AD0DB81F9CC5C500C8A623 /* AppDelegate.swift in Sources */,
			);
			runOnlyForDeploymentPostprocessing = 0;
		};
		15AD0DC41F9CC5C600C8A623 /* Sources */ = {
			isa = PBXSourcesBuildPhase;
			buildActionMask = 2147483647;
			files = (
				15AD0DCD1F9CC5C600C8A623 /* Hello_WorldTests.swift in Sources */,
			);
			runOnlyForDeploymentPostprocessing = 0;
		};
		15AD0DCF1F9CC5C600C8A623 /* Sources */ = {
			isa = PBXSourcesBuildPhase;
			buildActionMask = 2147483647;
			files = (
				15AD0DD81F9CC5C600C8A623 /* Hello_WorldUITests.swift in Sources */,
			);
			runOnlyForDeploymentPostprocessing = 0;
		};
/* End PBXSourcesBuildPhase section */

/* Begin PBXTargetDependency section */
		15AD0DCA1F9CC5C600C8A623 /* PBXTargetDependency */ = {
			isa = PBXTargetDependency;
			target = 15AD0DB31F9CC5C500C8A623 /* Hello World */;
			targetProxy = 15AD0DC91F9CC5C600C8A623 /* PBXContainerItemProxy */;
		};
		15AD0DD51F9CC5C600C8A623 /* PBXTargetDependency */ = {
			isa = PBXTargetDependency;
			target = 15AD0DB31F9CC5C500C8A623 /* Hello World */;
			targetProxy = 15AD0DD41F9CC5C600C8A623 /* PBXContainerItemProxy */;
		};
/* End PBXTargetDependency section */

/* Begin PBXVariantGroup section */
		15AD0DBB1F9CC5C500C8A623 /* Main.storyboard */ = {
			isa = PBXVariantGroup;
			children = (
				15AD0DBC1F9CC5C500C8A623 /* Base */,
			);
			name = Main.storyboard;
			sourceTree = "<group>";
		};
		15AD0DC01F9CC5C500C8A623 /* LaunchScreen.storyboard */ = {
			isa = PBXVariantGroup;
			children = (
				15AD0DC11F9CC5C500C8A623 /* Base */,
			);
			name = LaunchScreen.storyboard;
			sourceTree = "<group>";
		};
/* End PBXVariantGroup section */

/* Begin XCBuildConfiguration section */
		15AD0DDA1F9CC5C600C8A623 /* Debug */ = {
			isa = XCBuildConfiguration;
			buildSettings = {
				ALWAYS_SEARCH_USER_PATHS = NO;
				CLANG_ANALYZER_NONNULL = YES;
				CLANG_ANALYZER_NUMBER_OBJECT_CONVERSION = YES_AGGRESSIVE;
				CLANG_CXX_LANGUAGE_STANDARD = "gnu++14";
				CLANG_CXX_LIBRARY = "libc++";
				CLANG_ENABLE_MODULES = YES;
				CLANG_ENABLE_OBJC_ARC = YES;
				CLANG_WARN_BLOCK_CAPTURE_AUTORELEASING = YES;
				CLANG_WARN_BOOL_CONVERSION = YES;
				CLANG_WARN_COMMA = YES;
				CLANG_WARN_CONSTANT_CONVERSION = YES;
				CLANG_WARN_DIRECT_OBJC_ISA_USAGE = YES_ERROR;
				CLANG_WARN_DOCUMENTATION_COMMENTS = YES;
				CLANG_WARN_EMPTY_BODY = YES;
				CLANG_WARN_ENUM_CONVERSION = YES;
				CLANG_WARN_INFINITE_RECURSION = YES;
				CLANG_WARN_INT_CONVERSION = YES;
				CLANG_WARN_NON_LITERAL_NULL_CONVERSION = YES;
				CLANG_WARN_OBJC_LITERAL_CONVERSION = YES;
				CLANG_WARN_OBJC_ROOT_CLASS = YES_ERROR;
				CLANG_WARN_RANGE_LOOP_ANALYSIS = YES;
				CLANG_WARN_STRICT_PROTOTYPES = YES;
				CLANG_WARN_SUSPICIOUS_MOVE = YES;
				CLANG_WARN_UNGUARDED_AVAILABILITY = YES_AGGRESSIVE;
				CLANG_WARN_UNREACHABLE_CODE = YES;
				CLANG_WARN__DUPLICATE_METHOD_MATCH = YES;
				CODE_SIGN_IDENTITY = "iPhone Developer";
				COPY_PHASE_STRIP = NO;
				DEBUG_INFORMATION_FORMAT = dwarf;
				ENABLE_STRICT_OBJC_MSGSEND = YES;
				ENABLE_TESTABILITY = YES;
				GCC_C_LANGUAGE_STANDARD = gnu11;
				GCC_DYNAMIC_NO_PIC = NO;
				GCC_NO_COMMON_BLOCKS = YES;
				GCC_OPTIMIZATION_LEVEL = 0;
				GCC_PREPROCESSOR_DEFINITIONS = (
					"DEBUG=1",
					"$(inherited)",
				);
				GCC_WARN_64_TO_32_BIT_CONVERSION = YES;
				GCC_WARN_ABOUT_RETURN_TYPE = YES_ERROR;
				GCC_WARN_UNDECLARED_SELECTOR = YES;
				GCC_WARN_UNINITIALIZED_AUTOS = YES_AGGRESSIVE;
				GCC_WARN_UNUSED_FUNCTION = YES;
				GCC_WARN_UNUSED_VARIABLE = YES;
				IPHONEOS_DEPLOYMENT_TARGET = 11.0;
				MTL_ENABLE_DEBUG_INFO = YES;
				ONLY_ACTIVE_ARCH = YES;
				SDKROOT = iphoneos;
				SWIFT_ACTIVE_COMPILATION_CONDITIONS = DEBUG;
				SWIFT_OPTIMIZATION_LEVEL = "-Onone";
			};
			name = Debug;
		};
		15AD0DDB1F9CC5C600C8A623 /* Release */ = {
			isa = XCBuildConfiguration;
			buildSettings = {
				ALWAYS_SEARCH_USER_PATHS = NO;
				CLANG_ANALYZER_NONNULL = YES;
				CLANG_ANALYZER_NUMBER_OBJECT_CONVERSION = YES_AGGRESSIVE;
				CLANG_CXX_LANGUAGE_STANDARD = "gnu++14";
				CLANG_CXX_LIBRARY = "libc++";
				CLANG_ENABLE_MODULES = YES;
				CLANG_ENABLE_OBJC_ARC = YES;
				CLANG_WARN_BLOCK_CAPTURE_AUTORELEASING = YES;
				CLANG_WARN_BOOL_CONVERSION = YES;
				CLANG_WARN_COMMA = YES;
				CLANG_WARN_CONSTANT_CONVERSION = YES;
				CLANG_WARN_DIRECT_OBJC_ISA_USAGE = YES_ERROR;
				CLANG_WARN_DOCUMENTATION_COMMENTS = YES;
				CLANG_WARN_EMPTY_BODY = YES;
				CLANG_WARN_ENUM_CONVERSION = YES;
				CLANG_WARN_INFINITE_RECURSION = YES;
				CLANG_WARN_INT_CONVERSION = YES;
				CLANG_WARN_NON_LITERAL_NULL_CONVERSION = YES;
				CLANG_WARN_OBJC_LITERAL_CONVERSION = YES;
				CLANG_WARN_OBJC_ROOT_CLASS = YES_ERROR;
				CLANG_WARN_RANGE_LOOP_ANALYSIS = YES;
				CLANG_WARN_STRICT_PROTOTYPES = YES;
				CLANG_WARN_SUSPICIOUS_MOVE = YES;
				CLANG_WARN_UNGUARDED_AVAILABILITY = YES_AGGRESSIVE;
				CLANG_WARN_UNREACHABLE_CODE = YES;
				CLANG_WARN__DUPLICATE_METHOD_MATCH = YES;
				CODE_SIGN_IDENTITY = "iPhone Developer";
				COPY_PHASE_STRIP = NO;
				DEBUG_INFORMATION_FORMAT = "dwarf-with-dsym";
				ENABLE_NS_ASSERTIONS = NO;
				ENABLE_STRICT_OBJC_MSGSEND = YES;
				GCC_C_LANGUAGE_STANDARD = gnu11;
				GCC_NO_COMMON_BLOCKS = YES;
				GCC_WARN_64_TO_32_BIT_CONVERSION = YES;
				GCC_WARN_ABOUT_RETURN_TYPE = YES_ERROR;
				GCC_WARN_UNDECLARED_SELECTOR = YES;
				GCC_WARN_UNINITIALIZED_AUTOS = YES_AGGRESSIVE;
				GCC_WARN_UNUSED_FUNCTION = YES;
				GCC_WARN_UNUSED_VARIABLE = YES;
				IPHONEOS_DEPLOYMENT_TARGET = 11.0;
				MTL_ENABLE_DEBUG_INFO = NO;
				SDKROOT = iphoneos;
				SWIFT_OPTIMIZATION_LEVEL = "-Owholemodule";
				VALIDATE_PRODUCT = YES;
			};
			name = Release;
		};
		15AD0DDD1F9CC5C600C8A623 /* Debug */ = {
			isa = XCBuildConfiguration;
			buildSettings = {
				ASSETCATALOG_COMPILER_APPICON_NAME = AppIcon;
				CODE_SIGN_STYLE = Automatic;
				INFOPLIST_FILE = "Hello World/Info.plist";
				LD_RUNPATH_SEARCH_PATHS = "$(inherited) @executable_path/Frameworks";
				PRODUCT_BUNDLE_IDENTIFIER = "jp.techacademy.chihiro.endo.Hello-World";
				PRODUCT_NAME = "$(TARGET_NAME)";
				SWIFT_VERSION = 4.0;
				TARGETED_DEVICE_FAMILY = "1,2";
			};
			name = Debug;
		};
		15AD0DDE1F9CC5C600C8A623 /* Release */ = {
			isa = XCBuildConfiguration;
			buildSettings = {
				ASSETCATALOG_COMPILER_APPICON_NAME = AppIcon;
				CODE_SIGN_STYLE = Automatic;
				INFOPLIST_FILE = "Hello World/Info.plist";
				LD_RUNPATH_SEARCH_PATHS = "$(inherited) @executable_path/Frameworks";
				PRODUCT_BUNDLE_IDENTIFIER = "jp.techacademy.chihiro.endo.Hello-World";
				PRODUCT_NAME = "$(TARGET_NAME)";
				SWIFT_VERSION = 4.0;
				TARGETED_DEVICE_FAMILY = "1,2";
			};
			name = Release;
		};
		15AD0DE01F9CC5C600C8A623 /* Debug */ = {
			isa = XCBuildConfiguration;
			buildSettings = {
				ALWAYS_EMBED_SWIFT_STANDARD_LIBRARIES = YES;
				BUNDLE_LOADER = "$(TEST_HOST)";
				CODE_SIGN_STYLE = Automatic;
				INFOPLIST_FILE = "Hello WorldTests/Info.plist";
				LD_RUNPATH_SEARCH_PATHS = "$(inherited) @executable_path/Frameworks @loader_path/Frameworks";
				PRODUCT_BUNDLE_IDENTIFIER = "jp.techacademy.chihiro.endo.Hello-WorldTests";
				PRODUCT_NAME = "$(TARGET_NAME)";
				SWIFT_VERSION = 4.0;
				TARGETED_DEVICE_FAMILY = "1,2";
				TEST_HOST = "$(BUILT_PRODUCTS_DIR)/Hello World.app/Hello World";
			};
			name = Debug;
		};
		15AD0DE11F9CC5C600C8A623 /* Release */ = {
			isa = XCBuildConfiguration;
			buildSettings = {
				ALWAYS_EMBED_SWIFT_STANDARD_LIBRARIES = YES;
				BUNDLE_LOADER = "$(TEST_HOST)";
				CODE_SIGN_STYLE = Automatic;
				INFOPLIST_FILE = "Hello WorldTests/Info.plist";
				LD_RUNPATH_SEARCH_PATHS = "$(inherited) @executable_path/Frameworks @loader_path/Frameworks";
				PRODUCT_BUNDLE_IDENTIFIER = "jp.techacademy.chihiro.endo.Hello-WorldTests";
				PRODUCT_NAME = "$(TARGET_NAME)";
				SWIFT_VERSION = 4.0;
				TARGETED_DEVICE_FAMILY = "1,2";
				TEST_HOST = "$(BUILT_PRODUCTS_DIR)/Hello World.app/Hello World";
			};
			name = Release;
		};
		15AD0DE31F9CC5C600C8A623 /* Debug */ = {
			isa = XCBuildConfiguration;
			buildSettings = {
				ALWAYS_EMBED_SWIFT_STANDARD_LIBRARIES = YES;
				CODE_SIGN_STYLE = Automatic;
				INFOPLIST_FILE = "Hello WorldUITests/Info.plist";
				LD_RUNPATH_SEARCH_PATHS = "$(inherited) @executable_path/Frameworks @loader_path/Frameworks";
				PRODUCT_BUNDLE_IDENTIFIER = "jp.techacademy.chihiro.endo.Hello-WorldUITests";
				PRODUCT_NAME = "$(TARGET_NAME)";
				SWIFT_VERSION = 4.0;
				TARGETED_DEVICE_FAMILY = "1,2";
				TEST_TARGET_NAME = "Hello World";
			};
			name = Debug;
		};
		15AD0DE41F9CC5C600C8A623 /* Release */ = {
			isa = XCBuildConfiguration;
			buildSettings = {
				ALWAYS_EMBED_SWIFT_STANDARD_LIBRARIES = YES;
				CODE_SIGN_STYLE = Automatic;
				INFOPLIST_FILE = "Hello WorldUITests/Info.plist";
				LD_RUNPATH_SEARCH_PATHS = "$(inherited) @executable_path/Frameworks @loader_path/Frameworks";
				PRODUCT_BUNDLE_IDENTIFIER = "jp.techacademy.chihiro.endo.Hello-WorldUITests";
				PRODUCT_NAME = "$(TARGET_NAME)";
				SWIFT_VERSION = 4.0;
				TARGETED_DEVICE_FAMILY = "1,2";
				TEST_TARGET_NAME = "Hello World";
			};
			name = Release;
		};
/* End XCBuildConfiguration section */

/* Begin XCConfigurationList section */
		15AD0DAF1F9CC5C500C8A623 /* Build configuration list for PBXProject "Hello World" */ = {
			isa = XCConfigurationList;
			buildConfigurations = (
				15AD0DDA1F9CC5C600C8A623 /* Debug */,
				15AD0DDB1F9CC5C600C8A623 /* Release */,
			);
			defaultConfigurationIsVisible = 0;
			defaultConfigurationName = Release;
		};
		15AD0DDC1F9CC5C600C8A623 /* Build configuration list for PBXNativeTarget "Hello World" */ = {
			isa = XCConfigurationList;
			buildConfigurations = (
				15AD0DDD1F9CC5C600C8A623 /* Debug */,
				15AD0DDE1F9CC5C600C8A623 /* Release */,
			);
			defaultConfigurationIsVisible = 0;
			defaultConfigurationName = Release;
		};
		15AD0DDF1F9CC5C600C8A623 /* Build configuration list for PBXNativeTarget "Hello WorldTests" */ = {
			isa = XCConfigurationList;
			buildConfigurations = (
				15AD0DE01F9CC5C600C8A623 /* Debug */,
				15AD0DE11F9CC5C600C8A623 /* Release */,
			);
			defaultConfigurationIsVisible = 0;
			defaultConfigurationName = Release;
		};
		15AD0DE21F9CC5C600C8A623 /* Build configuration list for PBXNativeTarget "Hello WorldUITests" */ = {
			isa = XCConfigurationList;
			buildConfigurations = (
				15AD0DE31F9CC5C600C8A623 /* Debug */,
				15AD0DE41F9CC5C600C8A623 /* Release */,
			);
			defaultConfigurationIsVisible = 0;
			defaultConfigurationName = Release;
		};
/* End XCConfigurationList section */
	};
	rootObject = 15AD0DAC1F9CC5C500C8A623 /* Project object */;
}
